
Microsoft Visual Studio Solution File, Format Version 12.00
# Visual Studio Version 17
VisualStudioVersion = 17.9.34622.214
MinimumVisualStudioVersion = 10.0.40219.1
Project("{FAE04EC0-301F-11D3-BF4B-00C04F79EFBC}") = "lab2", "lab2.csproj", "{F9F66247-FC1F-49E9-9420-DF658F6A4BD1}"
EndProject
Global
	GlobalSection(SolutionConfigurationPlatforms) = preSolution
		Debug|Any CPU = Debug|Any CPU
		Release|Any CPU = Release|Any CPU
	EndGlobalSection
	GlobalSection(ProjectConfigurationPlatforms) = postSolution
		{F9F66247-FC1F-49E9-9420-DF658F6A4BD1}.Debug|Any CPU.ActiveCfg = Debug|Any CPU
		{F9F66247-FC1F-49E9-9420-DF658F6A4BD1}.Debug|Any CPU.Build.0 = Debug|Any CPU
		{F9F66247-FC1F-49E9-9420-DF658F6A4BD1}.Release|Any CPU.ActiveCfg = Release|Any CPU
		{F9F66247-FC1F-49E9-9420-DF658F6A4BD1}.Release|Any CPU.Build.0 = Release|Any CPU
	EndGlobalSection
	GlobalSection(SolutionProperties) = preSolution
		HideSolutionNode = FALSE
	EndGlobalSection
	GlobalSection(ExtensibilityGlobals) = postSolution
		SolutionGuid = {AE9B0AFC-DA49-4023-B018-151385943A77}
	EndGlobalSection
EndGlobal
